
Microsoft Visual Studio Solution File, Format Version 10.00
# Visual Studio 2008
Project("{FAE04EC0-301F-11D3-BF4B-00C04F79EFBC}") = "MeterShopScan", "MeterScan\MeterShopScan.csproj", "{060C262F-FA17-4DCF-B46F-4A37D851309B}"
EndProject
Project("{B900F1C2-3D47-4FEC-85B3-04AAF18C3634}") = "MeterShopScaner", "MeterShopScaner\MeterShopScaner.vddproj", "{21185939-169E-4934-8297-779A7A43DCB0}"
EndProject
Global
	GlobalSection(SolutionConfigurationPlatforms) = preSolution
		Debug|Any CPU = Debug|Any CPU
		Release|Any CPU = Release|Any CPU
	EndGlobalSection
	GlobalSection(ProjectConfigurationPlatforms) = postSolution
		{060C262F-FA17-4DCF-B46F-4A37D851309B}.Debug|Any CPU.ActiveCfg = Debug|Any CPU
		{060C262F-FA17-4DCF-B46F-4A37D851309B}.Debug|Any CPU.Build.0 = Debug|Any CPU
		{060C262F-FA17-4DCF-B46F-4A37D851309B}.Debug|Any CPU.Deploy.0 = Debug|Any CPU
		{060C262F-FA17-4DCF-B46F-4A37D851309B}.Release|Any CPU.ActiveCfg = Release|Any CPU
		{060C262F-FA17-4DCF-B46F-4A37D851309B}.Release|Any CPU.Build.0 = Release|Any CPU
		{060C262F-FA17-4DCF-B46F-4A37D851309B}.Release|Any CPU.Deploy.0 = Release|Any CPU
		{21185939-169E-4934-8297-779A7A43DCB0}.Debug|Any CPU.ActiveCfg = Debug
		{21185939-169E-4934-8297-779A7A43DCB0}.Debug|Any CPU.Build.0 = Debug
		{21185939-169E-4934-8297-779A7A43DCB0}.Release|Any CPU.ActiveCfg = Release
	EndGlobalSection
	GlobalSection(SolutionProperties) = preSolution
		HideSolutionNode = FALSE
	EndGlobalSection
EndGlobal
