
Microsoft Visual Studio Solution File, Format Version 10.00
# Visual Studio 2008
Project("{FAE04EC0-301F-11D3-BF4B-00C04F79EFBC}") = "MeterShopScan", "MeterShopScan\MeterShopScan.csproj", "{060C262F-FA17-4DCF-B46F-4A37D851309B}"
EndProject
Global
	GlobalSection(SolutionConfigurationPlatforms) = preSolution
		Debug|Any CPU = Debug|Any CPU
		NotScanner|Any CPU = NotScanner|Any CPU
		Release|Any CPU = Release|Any CPU
	EndGlobalSection
	GlobalSection(ProjectConfigurationPlatforms) = postSolution
		{060C262F-FA17-4DCF-B46F-4A37D851309B}.Debug|Any CPU.ActiveCfg = Debug|Any CPU
		{060C262F-FA17-4DCF-B46F-4A37D851309B}.Debug|Any CPU.Build.0 = Debug|Any CPU
		{060C262F-FA17-4DCF-B46F-4A37D851309B}.Debug|Any CPU.Deploy.0 = Debug|Any CPU
		{060C262F-FA17-4DCF-B46F-4A37D851309B}.NotScanner|Any CPU.ActiveCfg = NotScanner|Any CPU
		{060C262F-FA17-4DCF-B46F-4A37D851309B}.NotScanner|Any CPU.Build.0 = NotScanner|Any CPU
		{060C262F-FA17-4DCF-B46F-4A37D851309B}.NotScanner|Any CPU.Deploy.0 = NotScanner|Any CPU
		{060C262F-FA17-4DCF-B46F-4A37D851309B}.Release|Any CPU.ActiveCfg = Release|Any CPU
		{060C262F-FA17-4DCF-B46F-4A37D851309B}.Release|Any CPU.Build.0 = Release|Any CPU
		{060C262F-FA17-4DCF-B46F-4A37D851309B}.Release|Any CPU.Deploy.0 = Release|Any CPU
	EndGlobalSection
	GlobalSection(SolutionProperties) = preSolution
		HideSolutionNode = FALSE
	EndGlobalSection
EndGlobal
